schema: '2.0'
stages:
  data_ingestion:
    cmd: python src/ingestion/data_ingestion.py
    deps:
    - path: src/ingestion/data_ingestion.py
      hash: md5
      md5: d72d38520bdf7c4942cbf18161b026d7
      size: 4304
    params:
      params.yaml:
        data_ingestion.test_size: 0.25
    outs:
    - path: data/interim
      hash: md5
      md5: 661f9e98e322fdbd4e565be133b8a748.dir
      size: 6882906
      nfiles: 2
  data_preprocessing:
    cmd: python src/preprocessing/data_preprocessing.py
    deps:
    - path: data/interim/test.csv
      hash: md5
      md5: 7bcce30bf2a1cb8266436615cd99626e
      size: 1671731
    - path: data/interim/train.csv
      hash: md5
      md5: 9b68c84a82a9223b7605d7b5b5393ca4
      size: 5211175
    - path: src/preprocessing/data_preprocessing.py
      hash: md5
      md5: fc882d6deb6f64452a30f59499306642
      size: 3757
    outs:
    - path: data/processed
      hash: md5
      md5: 3b131d597cf99cc074eab4638ea26eb4.dir
      size: 5098055
      nfiles: 2
  model_building:
    cmd: python src/model/model_building.py
    deps:
    - path: data/processed/train_processed.csv
      hash: md5
      md5: 93048fefdfb15643899972fbc0631795
      size: 3858687
    - path: src/model/model_building.py
      hash: md5
      md5: 917fbcf35cf04de8c1e07a0762808862
      size: 9073
    params:
      params.yaml:
        model_building.learning_rate: 0.09
        model_building.max_depth: 20
        model_building.max_features: 10000
        model_building.n_estimators: 367
        model_building.ngram_range:
        - 1
        - 3
    outs:
    - path: models/sentiment_pipeline.pkl
      hash: md5
      md5: 7a58cbfc5c2aee08bd8c04f7016c83d3
      size: 4489049
  model_evaluation:
    cmd: python src/model/model_evaluation.py
    deps:
    - path: data/processed/test_processed.csv
      hash: md5
      md5: d2471212889c93634224a9038ca3a203
      size: 1239368
    - path: data/processed/train_processed.csv
      hash: md5
      md5: 93048fefdfb15643899972fbc0631795
      size: 3858687
    - path: models/sentiment_pipeline.pkl
      hash: md5
      md5: 7a58cbfc5c2aee08bd8c04f7016c83d3
      size: 4489049
    - path: src/model/model_evaluation.py
      hash: md5
      md5: ae6360e9d82c83d9a66ed0a17f5eabf1
      size: 12869
    outs:
    - path: experiment_info.json
      hash: md5
      md5: d852ffcb6443d8e41ea7f3a31e9d84dc
      size: 92
  model_registration:
    cmd: python src/model/register_model.py
    deps:
    - path: experiment_info.json
      hash: md5
      md5: d852ffcb6443d8e41ea7f3a31e9d84dc
      size: 92
    - path: src/model/register_model.py
      hash: md5
      md5: ee4b0fd8c242f7b13f93acef0337d20f
      size: 2406
