schema: '2.0'
stages:
  data_ingestion:
    cmd: python src/ingestion/data_ingestion.py
    deps:
    - path: src/ingestion/data_ingestion.py
      hash: md5
      md5: bbb70871f8cfeacb9b304a8e6e743a85
      size: 4417
    params:
      params.yaml:
        data_ingestion.test_size: 0.25
    outs:
    - path: data/interim
      hash: md5
      md5: 49d68ac9e22c6088d4afd89da38f5c38.dir
      size: 6919701
      nfiles: 2
  data_preprocessing:
    cmd: python src/preprocessing/data_preprocessing.py
    deps:
    - path: data/interim/test.csv
      hash: md5
      md5: 2e81d6eb492d93987768f731e904781c
      size: 1680931
    - path: data/interim/train.csv
      hash: md5
      md5: 18b3faba324bc010ea34ff2d9244645f
      size: 5238770
    - path: src/preprocessing/data_preprocessing.py
      hash: md5
      md5: 756e6ea783bbd6a691ccf7911e7029fc
      size: 3866
    outs:
    - path: data/processed
      hash: md5
      md5: 056a565b1ab539e7c535709c3d4b5e92.dir
      size: 5134850
      nfiles: 2
  model_building:
    cmd: python src/model/model_building.py
    deps:
    - path: data/processed/train_processed.csv
      hash: md5
      md5: b5a818f46d32f38de3b86a761aa39e1e
      size: 3886282
    - path: src/model/model_building.py
      hash: md5
      md5: 68bba38bfa619d38426ed4fade1609b3
      size: 9335
    params:
      params.yaml:
        model_building.learning_rate: 0.09
        model_building.max_depth: 20
        model_building.max_features: 10000
        model_building.n_estimators: 367
        model_building.ngram_range:
        - 1
        - 3
    outs:
    - path: models/sentiment_pipeline.pkl
      hash: md5
      md5: a43cc19d1db8d2a5aaf58679f951d60e
      size: 4449091
  model_evaluation:
    cmd: python src/model/model_evaluation.py
    deps:
    - path: data/processed/test_processed.csv
      hash: md5
      md5: 20e0d1f7475c3f6ff20400efbc8c4774
      size: 1248568
    - path: data/processed/train_processed.csv
      hash: md5
      md5: b5a818f46d32f38de3b86a761aa39e1e
      size: 3886282
    - path: models/sentiment_pipeline.pkl
      hash: md5
      md5: a43cc19d1db8d2a5aaf58679f951d60e
      size: 4449091
    - path: src/model/model_evaluation.py
      hash: md5
      md5: d595fb7f86a0b2e49f7d7b70e58a2b0b
      size: 13225
    outs:
    - path: experiment_info.json
      hash: md5
      md5: ea33d7fc604d61c32270e442a66a4717
      size: 95
  model_registration:
    cmd: python src/model/register_model.py
    deps:
    - path: experiment_info.json
      hash: md5
      md5: ea33d7fc604d61c32270e442a66a4717
      size: 95
    - path: src/model/register_model.py
      hash: md5
      md5: 155885fc20c53d48087c4dc67a5c06f1
      size: 2481
